
Microsoft Visual Studio Solution File, Format Version 10.00
# Visual Studio 2008
Project("{FAE04EC0-301F-11D3-BF4B-00C04F79EFBC}") = "VDProjectXml", "VDProjectXml\VDProjectXml.csproj", "{5A8370C6-742B-48F9-8D65-15F4CB69FC25}"
EndProject
Global
	GlobalSection(SolutionConfigurationPlatforms) = preSolution
		Debug|Any CPU = Debug|Any CPU
		Release|Any CPU = Release|Any CPU
	EndGlobalSection
	GlobalSection(ProjectConfigurationPlatforms) = postSolution
		{5A8370C6-742B-48F9-8D65-15F4CB69FC25}.Debug|Any CPU.ActiveCfg = Debug|Any CPU
		{5A8370C6-742B-48F9-8D65-15F4CB69FC25}.Debug|Any CPU.Build.0 = Debug|Any CPU
		{5A8370C6-742B-48F9-8D65-15F4CB69FC25}.Release|Any CPU.ActiveCfg = Release|Any CPU
		{5A8370C6-742B-48F9-8D65-15F4CB69FC25}.Release|Any CPU.Build.0 = Release|Any CPU
	EndGlobalSection
	GlobalSection(SolutionProperties) = preSolution
		HideSolutionNode = FALSE
	EndGlobalSection
EndGlobal
